Microsoft Visual Studio Solution File, Format Version 12.00
# Visual Studio Version 17
VisualStudioVersion = 17.5.2.0
MinimumVisualStudioVersion = 10.0.40219.1
Project("{FAE04EC0-301F-11D3-BF4B-00C04F79EFBC}") = "2025-09-05", "2025-09-05\2025-09-05.csproj", "{ECD1C578-33EF-8FBE-222F-683B388CDFBD}"
EndProject
Global
	GlobalSection(SolutionConfigurationPlatforms) = preSolution
		Debug|Any CPU = Debug|Any CPU
		Release|Any CPU = Release|Any CPU
	EndGlobalSection
	GlobalSection(ProjectConfigurationPlatforms) = postSolution
		{ECD1C578-33EF-8FBE-222F-683B388CDFBD}.Debug|Any CPU.ActiveCfg = Debug|Any CPU
		{ECD1C578-33EF-8FBE-222F-683B388CDFBD}.Debug|Any CPU.Build.0 = Debug|Any CPU
		{ECD1C578-33EF-8FBE-222F-683B388CDFBD}.Release|Any CPU.ActiveCfg = Release|Any CPU
		{ECD1C578-33EF-8FBE-222F-683B388CDFBD}.Release|Any CPU.Build.0 = Release|Any CPU
	EndGlobalSection
	GlobalSection(SolutionProperties) = preSolution
		HideSolutionNode = FALSE
	EndGlobalSection
	GlobalSection(ExtensibilityGlobals) = postSolution
		SolutionGuid = {4F99B920-0AC8-4B18-B105-349999F8B212}
	EndGlobalSection
EndGlobal
